// !$*UTF8*$!
{
	archiveVersion = 1;
	classes = {
	};
	objectVersion = 46;
	objects = {

/* Begin PBXBuildFile section */
		F2098BED1971E67E0073B016 /* Dictionary+Swifter.swift in Sources */ = {isa = PBXBuildFile; fileRef = F2098BCF1971E67E0073B016 /* Dictionary+Swifter.swift */; };
		F2098BEE1971E67E0073B016 /* Info.plist in Resources */ = {isa = PBXBuildFile; fileRef = F2098BD01971E67E0073B016 /* Info.plist */; };
		F2098BEF1971E67E0073B016 /* JSON.swift in Sources */ = {isa = PBXBuildFile; fileRef = F2098BD11971E67E0073B016 /* JSON.swift */; };
		F2098BF01971E67E0073B016 /* NSURL+Swifter.swift in Sources */ = {isa = PBXBuildFile; fileRef = F2098BD21971E67E0073B016 /* NSURL+Swifter.swift */; };
		F2098BF11971E67E0073B016 /* String+Swifter.swift in Sources */ = {isa = PBXBuildFile; fileRef = F2098BD31971E67E0073B016 /* String+Swifter.swift */; };
		F2098BF21971E67E0073B016 /* Swifter.swift in Sources */ = {isa = PBXBuildFile; fileRef = F2098BD61971E67E0073B016 /* Swifter.swift */; };
		F2098BF31971E67E0073B016 /* SwifterAccountsClient.swift in Sources */ = {isa = PBXBuildFile; fileRef = F2098BD71971E67E0073B016 /* SwifterAccountsClient.swift */; };
		F2098BF41971E67E0073B016 /* SwifterAppOnlyClient.swift in Sources */ = {isa = PBXBuildFile; fileRef = F2098BD81971E67E0073B016 /* SwifterAppOnlyClient.swift */; };
		F2098BF51971E67E0073B016 /* SwifterAuth.swift in Sources */ = {isa = PBXBuildFile; fileRef = F2098BD91971E67E0073B016 /* SwifterAuth.swift */; };
		F2098BF61971E67E0073B016 /* SwifterClientProtocol.swift in Sources */ = {isa = PBXBuildFile; fileRef = F2098BDA1971E67E0073B016 /* SwifterClientProtocol.swift */; };
		F2098BF71971E67E0073B016 /* SwifterCredential.swift in Sources */ = {isa = PBXBuildFile; fileRef = F2098BDB1971E67E0073B016 /* SwifterCredential.swift */; };
		F2098BF81971E67E0073B016 /* SwifterFavorites.swift in Sources */ = {isa = PBXBuildFile; fileRef = F2098BDC1971E67E0073B016 /* SwifterFavorites.swift */; };
		F2098BF91971E67E0073B016 /* SwifterFollowers.swift in Sources */ = {isa = PBXBuildFile; fileRef = F2098BDD1971E67E0073B016 /* SwifterFollowers.swift */; };
		F2098BFA1971E67E0073B016 /* SwifterHelp.swift in Sources */ = {isa = PBXBuildFile; fileRef = F2098BDE1971E67E0073B016 /* SwifterHelp.swift */; };
		F2098BFB1971E67E0073B016 /* SwifterHTTPRequest.swift in Sources */ = {isa = PBXBuildFile; fileRef = F2098BDF1971E67E0073B016 /* SwifterHTTPRequest.swift */; };
		F2098BFC1971E67E0073B016 /* SwifterLists.swift in Sources */ = {isa = PBXBuildFile; fileRef = F2098BE01971E67E0073B016 /* SwifterLists.swift */; };
		F2098BFD1971E67E0073B016 /* SwifterMessages.swift in Sources */ = {isa = PBXBuildFile; fileRef = F2098BE11971E67E0073B016 /* SwifterMessages.swift */; };
		F2098BFE1971E67E0073B016 /* SwifterOAuthClient.swift in Sources */ = {isa = PBXBuildFile; fileRef = F2098BE21971E67E0073B016 /* SwifterOAuthClient.swift */; };
		F2098BFF1971E67E0073B016 /* SwifterPlaces.swift in Sources */ = {isa = PBXBuildFile; fileRef = F2098BE31971E67E0073B016 /* SwifterPlaces.swift */; };
		F2098C001971E67E0073B016 /* SwifterSavedSearches.swift in Sources */ = {isa = PBXBuildFile; fileRef = F2098BE41971E67E0073B016 /* SwifterSavedSearches.swift */; };
		F2098C011971E67E0073B016 /* SwifterSearch.swift in Sources */ = {isa = PBXBuildFile; fileRef = F2098BE51971E67E0073B016 /* SwifterSearch.swift */; };
		F2098C021971E67E0073B016 /* SwifterSpam.swift in Sources */ = {isa = PBXBuildFile; fileRef = F2098BE61971E67E0073B016 /* SwifterSpam.swift */; };
		F2098C031971E67E0073B016 /* SwifterStreaming.swift in Sources */ = {isa = PBXBuildFile; fileRef = F2098BE71971E67E0073B016 /* SwifterStreaming.swift */; };
		F2098C041971E67E0073B016 /* SwifterSuggested.swift in Sources */ = {isa = PBXBuildFile; fileRef = F2098BE81971E67E0073B016 /* SwifterSuggested.swift */; };
		F2098C051971E67E0073B016 /* SwifterTimelines.swift in Sources */ = {isa = PBXBuildFile; fileRef = F2098BE91971E67E0073B016 /* SwifterTimelines.swift */; };
		F2098C061971E67E0073B016 /* SwifterTrends.swift in Sources */ = {isa = PBXBuildFile; fileRef = F2098BEA1971E67E0073B016 /* SwifterTrends.swift */; };
		F2098C071971E67E0073B016 /* SwifterTweets.swift in Sources */ = {isa = PBXBuildFile; fileRef = F2098BEB1971E67E0073B016 /* SwifterTweets.swift */; };
		F2098C081971E67E0073B016 /* SwifterUsers.swift in Sources */ = {isa = PBXBuildFile; fileRef = F2098BEC1971E67E0073B016 /* SwifterUsers.swift */; };
		F2098C151971EAD60073B016 /* LoginViewController.swift in Sources */ = {isa = PBXBuildFile; fileRef = F2098C141971EAD60073B016 /* LoginViewController.swift */; };
		F2098C181971F1F60073B016 /* JDFTwitterSampleConstants.swift in Sources */ = {isa = PBXBuildFile; fileRef = F2098C171971F1F60073B016 /* JDFTwitterSampleConstants.swift */; };
		F2098C1C1971F22F0073B016 /* TwitterButton.png in Resources */ = {isa = PBXBuildFile; fileRef = F2098C1B1971F22F0073B016 /* TwitterButton.png */; };
		F20AB2A81979D43200796FA6 /* TwitterAvatarPlaceholder.png in Resources */ = {isa = PBXBuildFile; fileRef = F20AB2A71979D43200796FA6 /* TwitterAvatarPlaceholder.png */; };
		F2488A4D1973250F00FD172A /* TweetCell.swift in Sources */ = {isa = PBXBuildFile; fileRef = F2488A4C1973250F00FD172A /* TweetCell.swift */; };
		F2488A4F1973257700FD172A /* TweetCell.xib in Resources */ = {isa = PBXBuildFile; fileRef = F2488A4E1973257700FD172A /* TweetCell.xib */; };
		F255B609197B288C00AD0A85 /* Jakaro.otf in Resources */ = {isa = PBXBuildFile; fileRef = F255B608197B288C00AD0A85 /* Jakaro.otf */; };
		F2B1C2141972036100522653 /* TimelineViewController.swift in Sources */ = {isa = PBXBuildFile; fileRef = F2B1C2131972036100522653 /* TimelineViewController.swift */; };
		F2C7C5101971E4FC00FB8790 /* AppDelegate.swift in Sources */ = {isa = PBXBuildFile; fileRef = F2C7C50F1971E4FC00FB8790 /* AppDelegate.swift */; };
		F2C7C5121971E4FC00FB8790 /* ViewController.swift in Sources */ = {isa = PBXBuildFile; fileRef = F2C7C5111971E4FC00FB8790 /* ViewController.swift */; };
		F2C7C5151971E4FC00FB8790 /* Main.storyboard in Resources */ = {isa = PBXBuildFile; fileRef = F2C7C5131971E4FC00FB8790 /* Main.storyboard */; };
		F2C7C5171971E4FC00FB8790 /* Images.xcassets in Resources */ = {isa = PBXBuildFile; fileRef = F2C7C5161971E4FC00FB8790 /* Images.xcassets */; };
		F2C7C5231971E4FC00FB8790 /* JDFTwitterSampleTests.swift in Sources */ = {isa = PBXBuildFile; fileRef = F2C7C5221971E4FC00FB8790 /* JDFTwitterSampleTests.swift */; };
		F2D2DFE61979C8F300FBC930 /* AFHTTPRequestOperation.m in Sources */ = {isa = PBXBuildFile; fileRef = F2D2DFC21979C8F300FBC930 /* AFHTTPRequestOperation.m */; };
		F2D2DFE71979C8F300FBC930 /* AFHTTPRequestOperationManager.m in Sources */ = {isa = PBXBuildFile; fileRef = F2D2DFC41979C8F300FBC930 /* AFHTTPRequestOperationManager.m */; };
		F2D2DFE81979C8F300FBC930 /* AFHTTPSessionManager.m in Sources */ = {isa = PBXBuildFile; fileRef = F2D2DFC61979C8F300FBC930 /* AFHTTPSessionManager.m */; };
		F2D2DFE91979C8F300FBC930 /* AFNetworkReachabilityManager.m in Sources */ = {isa = PBXBuildFile; fileRef = F2D2DFC91979C8F300FBC930 /* AFNetworkReachabilityManager.m */; };
		F2D2DFEA1979C8F300FBC930 /* AFSecurityPolicy.m in Sources */ = {isa = PBXBuildFile; fileRef = F2D2DFCB1979C8F300FBC930 /* AFSecurityPolicy.m */; };
		F2D2DFEB1979C8F300FBC930 /* AFURLConnectionOperation.m in Sources */ = {isa = PBXBuildFile; fileRef = F2D2DFCD1979C8F300FBC930 /* AFURLConnectionOperation.m */; };
		F2D2DFEC1979C8F300FBC930 /* AFURLRequestSerialization.m in Sources */ = {isa = PBXBuildFile; fileRef = F2D2DFCF1979C8F300FBC930 /* AFURLRequestSerialization.m */; };
		F2D2DFED1979C8F300FBC930 /* AFURLResponseSerialization.m in Sources */ = {isa = PBXBuildFile; fileRef = F2D2DFD11979C8F300FBC930 /* AFURLResponseSerialization.m */; };
		F2D2DFEE1979C8F300FBC930 /* AFURLSessionManager.m in Sources */ = {isa = PBXBuildFile; fileRef = F2D2DFD31979C8F300FBC930 /* AFURLSessionManager.m */; };
		F2D2DFEF1979C8F300FBC930 /* AFNetworkActivityIndicatorManager.m in Sources */ = {isa = PBXBuildFile; fileRef = F2D2DFD61979C8F300FBC930 /* AFNetworkActivityIndicatorManager.m */; };
		F2D2DFF01979C8F300FBC930 /* UIActivityIndicatorView+AFNetworking.m in Sources */ = {isa = PBXBuildFile; fileRef = F2D2DFD81979C8F300FBC930 /* UIActivityIndicatorView+AFNetworking.m */; };
		F2D2DFF11979C8F300FBC930 /* UIAlertView+AFNetworking.m in Sources */ = {isa = PBXBuildFile; fileRef = F2D2DFDA1979C8F300FBC930 /* UIAlertView+AFNetworking.m */; };
		F2D2DFF21979C8F300FBC930 /* UIButton+AFNetworking.m in Sources */ = {isa = PBXBuildFile; fileRef = F2D2DFDC1979C8F300FBC930 /* UIButton+AFNetworking.m */; };
		F2D2DFF31979C8F300FBC930 /* UIImageView+AFNetworking.m in Sources */ = {isa = PBXBuildFile; fileRef = F2D2DFDE1979C8F300FBC930 /* UIImageView+AFNetworking.m */; };
		F2D2DFF41979C8F300FBC930 /* UIProgressView+AFNetworking.m in Sources */ = {isa = PBXBuildFile; fileRef = F2D2DFE11979C8F300FBC930 /* UIProgressView+AFNetworking.m */; };
		F2D2DFF51979C8F300FBC930 /* UIRefreshControl+AFNetworking.m in Sources */ = {isa = PBXBuildFile; fileRef = F2D2DFE31979C8F300FBC930 /* UIRefreshControl+AFNetworking.m */; };
		F2D2DFF61979C8F300FBC930 /* UIWebView+AFNetworking.m in Sources */ = {isa = PBXBuildFile; fileRef = F2D2DFE51979C8F300FBC930 /* UIWebView+AFNetworking.m */; };
/* End PBXBuildFile section */

/* Begin PBXContainerItemProxy section */
		F2C7C51D1971E4FC00FB8790 /* PBXContainerItemProxy */ = {
			isa = PBXContainerItemProxy;
			containerPortal = F2C7C5021971E4FC00FB8790 /* Project object */;
			proxyType = 1;
			remoteGlobalIDString = F2C7C5091971E4FC00FB8790;
			remoteInfo = JDFTwitterSample;
		};
/* End PBXContainerItemProxy section */

/* Begin PBXFileReference section */
		F2098BCF1971E67E0073B016 /* Dictionary+Swifter.swift */ = {isa = PBXFileReference; fileEncoding = 4; lastKnownFileType = sourcecode.swift; name = "Dictionary+Swifter.swift"; path = "Libraries/Swifter/Dictionary+Swifter.swift"; sourceTree = "<group>"; };
		F2098BD01971E67E0073B016 /* Info.plist */ = {isa = PBXFileReference; fileEncoding = 4; lastKnownFileType = text.plist.xml; name = Info.plist; path = Libraries/Swifter/Info.plist; sourceTree = "<group>"; };
		F2098BD11971E67E0073B016 /* JSON.swift */ = {isa = PBXFileReference; fileEncoding = 4; lastKnownFileType = sourcecode.swift; name = JSON.swift; path = Libraries/Swifter/JSON.swift; sourceTree = "<group>"; };
		F2098BD21971E67E0073B016 /* NSURL+Swifter.swift */ = {isa = PBXFileReference; fileEncoding = 4; lastKnownFileType = sourcecode.swift; name = "NSURL+Swifter.swift"; path = "Libraries/Swifter/NSURL+Swifter.swift"; sourceTree = "<group>"; };
		F2098BD31971E67E0073B016 /* String+Swifter.swift */ = {isa = PBXFileReference; fileEncoding = 4; lastKnownFileType = sourcecode.swift; name = "String+Swifter.swift"; path = "Libraries/Swifter/String+Swifter.swift"; sourceTree = "<group>"; };
		F2098BD51971E67E0073B016 /* Swifter.h */ = {isa = PBXFileReference; fileEncoding = 4; lastKnownFileType = sourcecode.c.h; name = Swifter.h; path = Libraries/Swifter/Swifter.h; sourceTree = "<group>"; };
		F2098BD61971E67E0073B016 /* Swifter.swift */ = {isa = PBXFileReference; fileEncoding = 4; lastKnownFileType = sourcecode.swift; name = Swifter.swift; path = Libraries/Swifter/Swifter.swift; sourceTree = "<group>"; };
		F2098BD71971E67E0073B016 /* SwifterAccountsClient.swift */ = {isa = PBXFileReference; fileEncoding = 4; lastKnownFileType = sourcecode.swift; name = SwifterAccountsClient.swift; path = Libraries/Swifter/SwifterAccountsClient.swift; sourceTree = "<group>"; };
		F2098BD81971E67E0073B016 /* SwifterAppOnlyClient.swift */ = {isa = PBXFileReference; fileEncoding = 4; lastKnownFileType = sourcecode.swift; name = SwifterAppOnlyClient.swift; path = Libraries/Swifter/SwifterAppOnlyClient.swift; sourceTree = "<group>"; };
		F2098BD91971E67E0073B016 /* SwifterAuth.swift */ = {isa = PBXFileReference; fileEncoding = 4; lastKnownFileType = sourcecode.swift; name = SwifterAuth.swift; path = Libraries/Swifter/SwifterAuth.swift; sourceTree = "<group>"; };
		F2098BDA1971E67E0073B016 /* SwifterClientProtocol.swift */ = {isa = PBXFileReference; fileEncoding = 4; lastKnownFileType = sourcecode.swift; name = SwifterClientProtocol.swift; path = Libraries/Swifter/SwifterClientProtocol.swift; sourceTree = "<group>"; };
		F2098BDB1971E67E0073B016 /* SwifterCredential.swift */ = {isa = PBXFileReference; fileEncoding = 4; lastKnownFileType = sourcecode.swift; name = SwifterCredential.swift; path = Libraries/Swifter/SwifterCredential.swift; sourceTree = "<group>"; };
		F2098BDC1971E67E0073B016 /* SwifterFavorites.swift */ = {isa = PBXFileReference; fileEncoding = 4; lastKnownFileType = sourcecode.swift; name = SwifterFavorites.swift; path = Libraries/Swifter/SwifterFavorites.swift; sourceTree = "<group>"; };
		F2098BDD1971E67E0073B016 /* SwifterFollowers.swift */ = {isa = PBXFileReference; fileEncoding = 4; lastKnownFileType = sourcecode.swift; name = SwifterFollowers.swift; path = Libraries/Swifter/SwifterFollowers.swift; sourceTree = "<group>"; };
		F2098BDE1971E67E0073B016 /* SwifterHelp.swift */ = {isa = PBXFileReference; fileEncoding = 4; lastKnownFileType = sourcecode.swift; name = SwifterHelp.swift; path = Libraries/Swifter/SwifterHelp.swift; sourceTree = "<group>"; };
		F2098BDF1971E67E0073B016 /* SwifterHTTPRequest.swift */ = {isa = PBXFileReference; fileEncoding = 4; lastKnownFileType = sourcecode.swift; name = SwifterHTTPRequest.swift; path = Libraries/Swifter/SwifterHTTPRequest.swift; sourceTree = "<group>"; };
		F2098BE01971E67E0073B016 /* SwifterLists.swift */ = {isa = PBXFileReference; fileEncoding = 4; lastKnownFileType = sourcecode.swift; name = SwifterLists.swift; path = Libraries/Swifter/SwifterLists.swift; sourceTree = "<group>"; };
		F2098BE11971E67E0073B016 /* SwifterMessages.swift */ = {isa = PBXFileReference; fileEncoding = 4; lastKnownFileType = sourcecode.swift; name = SwifterMessages.swift; path = Libraries/Swifter/SwifterMessages.swift; sourceTree = "<group>"; };
		F2098BE21971E67E0073B016 /* SwifterOAuthClient.swift */ = {isa = PBXFileReference; fileEncoding = 4; lastKnownFileType = sourcecode.swift; name = SwifterOAuthClient.swift; path = Libraries/Swifter/SwifterOAuthClient.swift; sourceTree = "<group>"; };
		F2098BE31971E67E0073B016 /* SwifterPlaces.swift */ = {isa = PBXFileReference; fileEncoding = 4; lastKnownFileType = sourcecode.swift; name = SwifterPlaces.swift; path = Libraries/Swifter/SwifterPlaces.swift; sourceTree = "<group>"; };
		F2098BE41971E67E0073B016 /* SwifterSavedSearches.swift */ = {isa = PBXFileReference; fileEncoding = 4; lastKnownFileType = sourcecode.swift; name = SwifterSavedSearches.swift; path = Libraries/Swifter/SwifterSavedSearches.swift; sourceTree = "<group>"; };
		F2098BE51971E67E0073B016 /* SwifterSearch.swift */ = {isa = PBXFileReference; fileEncoding = 4; lastKnownFileType = sourcecode.swift; name = SwifterSearch.swift; path = Libraries/Swifter/SwifterSearch.swift; sourceTree = "<group>"; };
		F2098BE61971E67E0073B016 /* SwifterSpam.swift */ = {isa = PBXFileReference; fileEncoding = 4; lastKnownFileType = sourcecode.swift; name = SwifterSpam.swift; path = Libraries/Swifter/SwifterSpam.swift; sourceTree = "<group>"; };
		F2098BE71971E67E0073B016 /* SwifterStreaming.swift */ = {isa = PBXFileReference; fileEncoding = 4; lastKnownFileType = sourcecode.swift; name = SwifterStreaming.swift; path = Libraries/Swifter/SwifterStreaming.swift; sourceTree = "<group>"; };
		F2098BE81971E67E0073B016 /* SwifterSuggested.swift */ = {isa = PBXFileReference; fileEncoding = 4; lastKnownFileType = sourcecode.swift; name = SwifterSuggested.swift; path = Libraries/Swifter/SwifterSuggested.swift; sourceTree = "<group>"; };
		F2098BE91971E67E0073B016 /* SwifterTimelines.swift */ = {isa = PBXFileReference; fileEncoding = 4; lastKnownFileType = sourcecode.swift; name = SwifterTimelines.swift; path = Libraries/Swifter/SwifterTimelines.swift; sourceTree = "<group>"; };
		F2098BEA1971E67E0073B016 /* SwifterTrends.swift */ = {isa = PBXFileReference; fileEncoding = 4; lastKnownFileType = sourcecode.swift; name = SwifterTrends.swift; path = Libraries/Swifter/SwifterTrends.swift; sourceTree = "<group>"; };
		F2098BEB1971E67E0073B016 /* SwifterTweets.swift */ = {isa = PBXFileReference; fileEncoding = 4; lastKnownFileType = sourcecode.swift; name = SwifterTweets.swift; path = Libraries/Swifter/SwifterTweets.swift; sourceTree = "<group>"; };
		F2098BEC1971E67E0073B016 /* SwifterUsers.swift */ = {isa = PBXFileReference; fileEncoding = 4; lastKnownFileType = sourcecode.swift; name = SwifterUsers.swift; path = Libraries/Swifter/SwifterUsers.swift; sourceTree = "<group>"; };
		F2098C101971E9E30073B016 /* JDFTwitterSample-Bridging-Header.h */ = {isa = PBXFileReference; lastKnownFileType = sourcecode.c.h; path = "JDFTwitterSample-Bridging-Header.h"; sourceTree = SOURCE_ROOT; };
		F2098C141971EAD60073B016 /* LoginViewController.swift */ = {isa = PBXFileReference; fileEncoding = 4; lastKnownFileType = sourcecode.swift; name = LoginViewController.swift; path = JDFTwitterSample/Classes/ViewControllers/LoginViewController.swift; sourceTree = "<group>"; };
		F2098C171971F1F60073B016 /* JDFTwitterSampleConstants.swift */ = {isa = PBXFileReference; fileEncoding = 4; lastKnownFileType = sourcecode.swift; name = JDFTwitterSampleConstants.swift; path = Constants/JDFTwitterSampleConstants.swift; sourceTree = "<group>"; };
		F2098C1B1971F22F0073B016 /* TwitterButton.png */ = {isa = PBXFileReference; lastKnownFileType = image.png; name = TwitterButton.png; path = Resources/Images/TwitterButton.png; sourceTree = "<group>"; };
		F20AB2A71979D43200796FA6 /* TwitterAvatarPlaceholder.png */ = {isa = PBXFileReference; lastKnownFileType = image.png; name = TwitterAvatarPlaceholder.png; path = Resources/Images/TwitterAvatarPlaceholder.png; sourceTree = "<group>"; };
		F2488A4C1973250F00FD172A /* TweetCell.swift */ = {isa = PBXFileReference; fileEncoding = 4; lastKnownFileType = sourcecode.swift; name = TweetCell.swift; path = JDFTwitterSample/Classes/Views/TweetCell.swift; sourceTree = "<group>"; };
		F2488A4E1973257700FD172A /* TweetCell.xib */ = {isa = PBXFileReference; fileEncoding = 4; lastKnownFileType = file.xib; name = TweetCell.xib; path = JDFTwitterSample/Classes/Views/TweetCell.xib; sourceTree = "<group>"; };
		F255B608197B288C00AD0A85 /* Jakaro.otf */ = {isa = PBXFileReference; lastKnownFileType = file; name = Jakaro.otf; path = Resources/Fonts/Jakaro.otf; sourceTree = "<group>"; };
		F2B1C2131972036100522653 /* TimelineViewController.swift */ = {isa = PBXFileReference; fileEncoding = 4; lastKnownFileType = sourcecode.swift; name = TimelineViewController.swift; path = JDFTwitterSample/Classes/ViewControllers/TimelineViewController.swift; sourceTree = "<group>"; };
		F2C7C50A1971E4FC00FB8790 /* JDFTwitterSample.app */ = {isa = PBXFileReference; explicitFileType = wrapper.application; includeInIndex = 0; path = JDFTwitterSample.app; sourceTree = BUILT_PRODUCTS_DIR; };
		F2C7C50E1971E4FC00FB8790 /* Info.plist */ = {isa = PBXFileReference; lastKnownFileType = text.plist.xml; path = Info.plist; sourceTree = "<group>"; };
		F2C7C50F1971E4FC00FB8790 /* AppDelegate.swift */ = {isa = PBXFileReference; lastKnownFileType = sourcecode.swift; path = AppDelegate.swift; sourceTree = "<group>"; };
		F2C7C5111971E4FC00FB8790 /* ViewController.swift */ = {isa = PBXFileReference; lastKnownFileType = sourcecode.swift; path = ViewController.swift; sourceTree = "<group>"; };
		F2C7C5141971E4FC00FB8790 /* Base */ = {isa = PBXFileReference; lastKnownFileType = file.storyboard; name = Base; path = Base.lproj/Main.storyboard; sourceTree = "<group>"; };
		F2C7C5161971E4FC00FB8790 /* Images.xcassets */ = {isa = PBXFileReference; lastKnownFileType = folder.assetcatalog; path = Images.xcassets; sourceTree = "<group>"; };
		F2C7C51C1971E4FC00FB8790 /* JDFTwitterSampleTests.xctest */ = {isa = PBXFileReference; explicitFileType = wrapper.cfbundle; includeInIndex = 0; path = JDFTwitterSampleTests.xctest; sourceTree = BUILT_PRODUCTS_DIR; };
		F2C7C5211971E4FC00FB8790 /* Info.plist */ = {isa = PBXFileReference; lastKnownFileType = text.plist.xml; path = Info.plist; sourceTree = "<group>"; };
		F2C7C5221971E4FC00FB8790 /* JDFTwitterSampleTests.swift */ = {isa = PBXFileReference; lastKnownFileType = sourcecode.swift; path = JDFTwitterSampleTests.swift; sourceTree = "<group>"; };
		F2D2DFC11979C8F300FBC930 /* AFHTTPRequestOperation.h */ = {isa = PBXFileReference; fileEncoding = 4; lastKnownFileType = sourcecode.c.h; path = AFHTTPRequestOperation.h; sourceTree = "<group>"; };
		F2D2DFC21979C8F300FBC930 /* AFHTTPRequestOperation.m */ = {isa = PBXFileReference; fileEncoding = 4; lastKnownFileType = sourcecode.c.objc; path = AFHTTPRequestOperation.m; sourceTree = "<group>"; };
		F2D2DFC31979C8F300FBC930 /* AFHTTPRequestOperationManager.h */ = {isa = PBXFileReference; fileEncoding = 4; lastKnownFileType = sourcecode.c.h; path = AFHTTPRequestOperationManager.h; sourceTree = "<group>"; };
		F2D2DFC41979C8F300FBC930 /* AFHTTPRequestOperationManager.m */ = {isa = PBXFileReference; fileEncoding = 4; lastKnownFileType = sourcecode.c.objc; path = AFHTTPRequestOperationManager.m; sourceTree = "<group>"; };
		F2D2DFC51979C8F300FBC930 /* AFHTTPSessionManager.h */ = {isa = PBXFileReference; fileEncoding = 4; lastKnownFileType = sourcecode.c.h; path = AFHTTPSessionManager.h; sourceTree = "<group>"; };
		F2D2DFC61979C8F300FBC930 /* AFHTTPSessionManager.m */ = {isa = PBXFileReference; fileEncoding = 4; lastKnownFileType = sourcecode.c.objc; path = AFHTTPSessionManager.m; sourceTree = "<group>"; };
		F2D2DFC71979C8F300FBC930 /* AFNetworking.h */ = {isa = PBXFileReference; fileEncoding = 4; lastKnownFileType = sourcecode.c.h; path = AFNetworking.h; sourceTree = "<group>"; };
		F2D2DFC81979C8F300FBC930 /* AFNetworkReachabilityManager.h */ = {isa = PBXFileReference; fileEncoding = 4; lastKnownFileType = sourcecode.c.h; path = AFNetworkReachabilityManager.h; sourceTree = "<group>"; };
		F2D2DFC91979C8F300FBC930 /* AFNetworkReachabilityManager.m */ = {isa = PBXFileReference; fileEncoding = 4; lastKnownFileType = sourcecode.c.objc; path = AFNetworkReachabilityManager.m; sourceTree = "<group>"; };
		F2D2DFCA1979C8F300FBC930 /* AFSecurityPolicy.h */ = {isa = PBXFileReference; fileEncoding = 4; lastKnownFileType = sourcecode.c.h; path = AFSecurityPolicy.h; sourceTree = "<group>"; };
		F2D2DFCB1979C8F300FBC930 /* AFSecurityPolicy.m */ = {isa = PBXFileReference; fileEncoding = 4; lastKnownFileType = sourcecode.c.objc; path = AFSecurityPolicy.m; sourceTree = "<group>"; };
		F2D2DFCC1979C8F300FBC930 /* AFURLConnectionOperation.h */ = {isa = PBXFileReference; fileEncoding = 4; lastKnownFileType = sourcecode.c.h; path = AFURLConnectionOperation.h; sourceTree = "<group>"; };
		F2D2DFCD1979C8F300FBC930 /* AFURLConnectionOperation.m */ = {isa = PBXFileReference; fileEncoding = 4; lastKnownFileType = sourcecode.c.objc; path = AFURLConnectionOperation.m; sourceTree = "<group>"; };
		F2D2DFCE1979C8F300FBC930 /* AFURLRequestSerialization.h */ = {isa = PBXFileReference; fileEncoding = 4; lastKnownFileType = sourcecode.c.h; path = AFURLRequestSerialization.h; sourceTree = "<group>"; };
		F2D2DFCF1979C8F300FBC930 /* AFURLRequestSerialization.m */ = {isa = PBXFileReference; fileEncoding = 4; lastKnownFileType = sourcecode.c.objc; path = AFURLRequestSerialization.m; sourceTree = "<group>"; };
		F2D2DFD01979C8F300FBC930 /* AFURLResponseSerialization.h */ = {isa = PBXFileReference; fileEncoding = 4; lastKnownFileType = sourcecode.c.h; path = AFURLResponseSerialization.h; sourceTree = "<group>"; };
		F2D2DFD11979C8F300FBC930 /* AFURLResponseSerialization.m */ = {isa = PBXFileReference; fileEncoding = 4; lastKnownFileType = sourcecode.c.objc; path = AFURLResponseSerialization.m; sourceTree = "<group>"; };
		F2D2DFD21979C8F300FBC930 /* AFURLSessionManager.h */ = {isa = PBXFileReference; fileEncoding = 4; lastKnownFileType = sourcecode.c.h; path = AFURLSessionManager.h; sourceTree = "<group>"; };
		F2D2DFD31979C8F300FBC930 /* AFURLSessionManager.m */ = {isa = PBXFileReference; fileEncoding = 4; lastKnownFileType = sourcecode.c.objc; path = AFURLSessionManager.m; sourceTree = "<group>"; };
		F2D2DFD51979C8F300FBC930 /* AFNetworkActivityIndicatorManager.h */ = {isa = PBXFileReference; fileEncoding = 4; lastKnownFileType = sourcecode.c.h; path = AFNetworkActivityIndicatorManager.h; sourceTree = "<group>"; };
		F2D2DFD61979C8F300FBC930 /* AFNetworkActivityIndicatorManager.m */ = {isa = PBXFileReference; fileEncoding = 4; lastKnownFileType = sourcecode.c.objc; path = AFNetworkActivityIndicatorManager.m; sourceTree = "<group>"; };
		F2D2DFD71979C8F300FBC930 /* UIActivityIndicatorView+AFNetworking.h */ = {isa = PBXFileReference; fileEncoding = 4; lastKnownFileType = sourcecode.c.h; path = "UIActivityIndicatorView+AFNetworking.h"; sourceTree = "<group>"; };
		F2D2DFD81979C8F300FBC930 /* UIActivityIndicatorView+AFNetworking.m */ = {isa = PBXFileReference; fileEncoding = 4; lastKnownFileType = sourcecode.c.objc; path = "UIActivityIndicatorView+AFNetworking.m"; sourceTree = "<group>"; };
		F2D2DFD91979C8F300FBC930 /* UIAlertView+AFNetworking.h */ = {isa = PBXFileReference; fileEncoding = 4; lastKnownFileType = sourcecode.c.h; path = "UIAlertView+AFNetworking.h"; sourceTree = "<group>"; };
		F2D2DFDA1979C8F300FBC930 /* UIAlertView+AFNetworking.m */ = {isa = PBXFileReference; fileEncoding = 4; lastKnownFileType = sourcecode.c.objc; path = "UIAlertView+AFNetworking.m"; sourceTree = "<group>"; };
		F2D2DFDB1979C8F300FBC930 /* UIButton+AFNetworking.h */ = {isa = PBXFileReference; fileEncoding = 4; lastKnownFileType = sourcecode.c.h; path = "UIButton+AFNetworking.h"; sourceTree = "<group>"; };
		F2D2DFDC1979C8F300FBC930 /* UIButton+AFNetworking.m */ = {isa = PBXFileReference; fileEncoding = 4; lastKnownFileType = sourcecode.c.objc; path = "UIButton+AFNetworking.m"; sourceTree = "<group>"; };
		F2D2DFDD1979C8F300FBC930 /* UIImageView+AFNetworking.h */ = {isa = PBXFileReference; fileEncoding = 4; lastKnownFileType = sourcecode.c.h; path = "UIImageView+AFNetworking.h"; sourceTree = "<group>"; };
		F2D2DFDE1979C8F300FBC930 /* UIImageView+AFNetworking.m */ = {isa = PBXFileReference; fileEncoding = 4; lastKnownFileType = sourcecode.c.objc; path = "UIImageView+AFNetworking.m"; sourceTree = "<group>"; };
		F2D2DFDF1979C8F300FBC930 /* UIKit+AFNetworking.h */ = {isa = PBXFileReference; fileEncoding = 4; lastKnownFileType = sourcecode.c.h; path = "UIKit+AFNetworking.h"; sourceTree = "<group>"; };
		F2D2DFE01979C8F300FBC930 /* UIProgressView+AFNetworking.h */ = {isa = PBXFileReference; fileEncoding = 4; lastKnownFileType = sourcecode.c.h; path = "UIProgressView+AFNetworking.h"; sourceTree = "<group>"; };
		F2D2DFE11979C8F300FBC930 /* UIProgressView+AFNetworking.m */ = {isa = PBXFileReference; fileEncoding = 4; lastKnownFileType = sourcecode.c.objc; path = "UIProgressView+AFNetworking.m"; sourceTree = "<group>"; };
		F2D2DFE21979C8F300FBC930 /* UIRefreshControl+AFNetworking.h */ = {isa = PBXFileReference; fileEncoding = 4; lastKnownFileType = sourcecode.c.h; path = "UIRefreshControl+AFNetworking.h"; sourceTree = "<group>"; };
		F2D2DFE31979C8F300FBC930 /* UIRefreshControl+AFNetworking.m */ = {isa = PBXFileReference; fileEncoding = 4; lastKnownFileType = sourcecode.c.objc; path = "UIRefreshControl+AFNetworking.m"; sourceTree = "<group>"; };
		F2D2DFE41979C8F300FBC930 /* UIWebView+AFNetworking.h */ = {isa = PBXFileReference; fileEncoding = 4; lastKnownFileType = sourcecode.c.h; path = "UIWebView+AFNetworking.h"; sourceTree = "<group>"; };
		F2D2DFE51979C8F300FBC930 /* UIWebView+AFNetworking.m */ = {isa = PBXFileReference; fileEncoding = 4; lastKnownFileType = sourcecode.c.objc; path = "UIWebView+AFNetworking.m"; sourceTree = "<group>"; };
/* End PBXFileReference section */

/* Begin PBXFrameworksBuildPhase section */
		F2C7C5071971E4FC00FB8790 /* Frameworks */ = {
			isa = PBXFrameworksBuildPhase;
			buildActionMask = 2147483647;
			files = (
			);
			runOnlyForDeploymentPostprocessing = 0;
		};
		F2C7C5191971E4FC00FB8790 /* Frameworks */ = {
			isa = PBXFrameworksBuildPhase;
			buildActionMask = 2147483647;
			files = (
			);
			runOnlyForDeploymentPostprocessing = 0;
		};
/* End PBXFrameworksBuildPhase section */

/* Begin PBXGroup section */
		F2098C091971E9140073B016 /* Classes */ = {
			isa = PBXGroup;
			children = (
				F2098C131971EAAE0073B016 /* View Controllers */,
				F2488A4A197324D200FD172A /* Views */,
			);
			name = Classes;
			path = ..;
			sourceTree = "<group>";
		};
		F2098C131971EAAE0073B016 /* View Controllers */ = {
			isa = PBXGroup;
			children = (
				F2098C141971EAD60073B016 /* LoginViewController.swift */,
				F2B1C2131972036100522653 /* TimelineViewController.swift */,
			);
			name = "View Controllers";
			sourceTree = "<group>";
		};
		F2098C161971F1DB0073B016 /* Constants */ = {
			isa = PBXGroup;
			children = (
				F2098C171971F1F60073B016 /* JDFTwitterSampleConstants.swift */,
			);
			name = Constants;
			sourceTree = "<group>";
		};
		F2098C191971F21B0073B016 /* Resources */ = {
			isa = PBXGroup;
			children = (
				F255B607197B288100AD0A85 /* Fonts */,
				F2098C1A1971F2200073B016 /* Images */,
			);
			name = Resources;
			sourceTree = "<group>";
		};
		F2098C1A1971F2200073B016 /* Images */ = {
			isa = PBXGroup;
			children = (
				F20AB2A71979D43200796FA6 /* TwitterAvatarPlaceholder.png */,
				F2098C1B1971F22F0073B016 /* TwitterButton.png */,
			);
			name = Images;
			sourceTree = "<group>";
		};
		F2488A4A197324D200FD172A /* Views */ = {
			isa = PBXGroup;
			children = (
				F2488A4B197324E000FD172A /* Table View Cells */,
			);
			name = Views;
			sourceTree = "<group>";
		};
		F2488A4B197324E000FD172A /* Table View Cells */ = {
			isa = PBXGroup;
			children = (
				F2488A4C1973250F00FD172A /* TweetCell.swift */,
				F2488A4E1973257700FD172A /* TweetCell.xib */,
			);
			name = "Table View Cells";
			sourceTree = "<group>";
		};
		F255B607197B288100AD0A85 /* Fonts */ = {
			isa = PBXGroup;
			children = (
				F255B608197B288C00AD0A85 /* Jakaro.otf */,
			);
			name = Fonts;
			sourceTree = "<group>";
		};
		F2C7C5011971E4FC00FB8790 = {
			isa = PBXGroup;
			children = (
				F2C7C50C1971E4FC00FB8790 /* JDFTwitterSample */,
				F2C7C51F1971E4FC00FB8790 /* JDFTwitterSampleTests */,
				F2C7C50B1971E4FC00FB8790 /* Products */,
			);
			sourceTree = "<group>";
		};
		F2C7C50B1971E4FC00FB8790 /* Products */ = {
			isa = PBXGroup;
			children = (
				F2C7C50A1971E4FC00FB8790 /* JDFTwitterSample.app */,
				F2C7C51C1971E4FC00FB8790 /* JDFTwitterSampleTests.xctest */,
			);
			name = Products;
			sourceTree = "<group>";
		};
		F2C7C50C1971E4FC00FB8790 /* JDFTwitterSample */ = {
			isa = PBXGroup;
			children = (
				F2C7C52C1971E51C00FB8790 /* Libraries */,
				F2098C091971E9140073B016 /* Classes */,
				F2098C161971F1DB0073B016 /* Constants */,
				F2098C191971F21B0073B016 /* Resources */,
				F2C7C50F1971E4FC00FB8790 /* AppDelegate.swift */,
				F2C7C5111971E4FC00FB8790 /* ViewController.swift */,
				F2098C101971E9E30073B016 /* JDFTwitterSample-Bridging-Header.h */,
				F2C7C5131971E4FC00FB8790 /* Main.storyboard */,
				F2C7C5161971E4FC00FB8790 /* Images.xcassets */,
				F2C7C50D1971E4FC00FB8790 /* Supporting Files */,
			);
			path = JDFTwitterSample;
			sourceTree = "<group>";
		};
		F2C7C50D1971E4FC00FB8790 /* Supporting Files */ = {
			isa = PBXGroup;
			children = (
				F2C7C50E1971E4FC00FB8790 /* Info.plist */,
			);
			name = "Supporting Files";
			sourceTree = "<group>";
		};
		F2C7C51F1971E4FC00FB8790 /* JDFTwitterSampleTests */ = {
			isa = PBXGroup;
			children = (
				F2C7C5221971E4FC00FB8790 /* JDFTwitterSampleTests.swift */,
				F2C7C5201971E4FC00FB8790 /* Supporting Files */,
			);
			path = JDFTwitterSampleTests;
			sourceTree = "<group>";
		};
		F2C7C5201971E4FC00FB8790 /* Supporting Files */ = {
			isa = PBXGroup;
			children = (
				F2C7C5211971E4FC00FB8790 /* Info.plist */,
			);
			name = "Supporting Files";
			sourceTree = "<group>";
		};
		F2C7C52C1971E51C00FB8790 /* Libraries */ = {
			isa = PBXGroup;
			children = (
				F2D2DFBF1979C8F300FBC930 /* AFNetworking */,
				F2C7C52D1971E52E00FB8790 /* Swifter */,
			);
			name = Libraries;
			sourceTree = "<group>";
		};
		F2C7C52D1971E52E00FB8790 /* Swifter */ = {
			isa = PBXGroup;
			children = (
				F2098BCF1971E67E0073B016 /* Dictionary+Swifter.swift */,
				F2098BD01971E67E0073B016 /* Info.plist */,
				F2098BD11971E67E0073B016 /* JSON.swift */,
				F2098BD21971E67E0073B016 /* NSURL+Swifter.swift */,
				F2098BD31971E67E0073B016 /* String+Swifter.swift */,
				F2098BD51971E67E0073B016 /* Swifter.h */,
				F2098BD61971E67E0073B016 /* Swifter.swift */,
				F2098BD71971E67E0073B016 /* SwifterAccountsClient.swift */,
				F2098BD81971E67E0073B016 /* SwifterAppOnlyClient.swift */,
				F2098BD91971E67E0073B016 /* SwifterAuth.swift */,
				F2098BDA1971E67E0073B016 /* SwifterClientProtocol.swift */,
				F2098BDB1971E67E0073B016 /* SwifterCredential.swift */,
				F2098BDC1971E67E0073B016 /* SwifterFavorites.swift */,
				F2098BDD1971E67E0073B016 /* SwifterFollowers.swift */,
				F2098BDE1971E67E0073B016 /* SwifterHelp.swift */,
				F2098BDF1971E67E0073B016 /* SwifterHTTPRequest.swift */,
				F2098BE01971E67E0073B016 /* SwifterLists.swift */,
				F2098BE11971E67E0073B016 /* SwifterMessages.swift */,
				F2098BE21971E67E0073B016 /* SwifterOAuthClient.swift */,
				F2098BE31971E67E0073B016 /* SwifterPlaces.swift */,
				F2098BE41971E67E0073B016 /* SwifterSavedSearches.swift */,
				F2098BE51971E67E0073B016 /* SwifterSearch.swift */,
				F2098BE61971E67E0073B016 /* SwifterSpam.swift */,
				F2098BE71971E67E0073B016 /* SwifterStreaming.swift */,
				F2098BE81971E67E0073B016 /* SwifterSuggested.swift */,
				F2098BE91971E67E0073B016 /* SwifterTimelines.swift */,
				F2098BEA1971E67E0073B016 /* SwifterTrends.swift */,
				F2098BEB1971E67E0073B016 /* SwifterTweets.swift */,
				F2098BEC1971E67E0073B016 /* SwifterUsers.swift */,
			);
			name = Swifter;
			sourceTree = "<group>";
		};
		F2D2DFBF1979C8F300FBC930 /* AFNetworking */ = {
			isa = PBXGroup;
			children = (
				F2D2DFC01979C8F300FBC930 /* AFNetworking */,
				F2D2DFD41979C8F300FBC930 /* UIKit+AFNetworking */,
			);
			name = AFNetworking;
			path = Libraries/AFNetworking;
			sourceTree = "<group>";
		};
		F2D2DFC01979C8F300FBC930 /* AFNetworking */ = {
			isa = PBXGroup;
			children = (
				F2D2DFC11979C8F300FBC930 /* AFHTTPRequestOperation.h */,
				F2D2DFC21979C8F300FBC930 /* AFHTTPRequestOperation.m */,
				F2D2DFC31979C8F300FBC930 /* AFHTTPRequestOperationManager.h */,
				F2D2DFC41979C8F300FBC930 /* AFHTTPRequestOperationManager.m */,
				F2D2DFC51979C8F300FBC930 /* AFHTTPSessionManager.h */,
				F2D2DFC61979C8F300FBC930 /* AFHTTPSessionManager.m */,
				F2D2DFC71979C8F300FBC930 /* AFNetworking.h */,
				F2D2DFC81979C8F300FBC930 /* AFNetworkReachabilityManager.h */,
				F2D2DFC91979C8F300FBC930 /* AFNetworkReachabilityManager.m */,
				F2D2DFCA1979C8F300FBC930 /* AFSecurityPolicy.h */,
				F2D2DFCB1979C8F300FBC930 /* AFSecurityPolicy.m */,
				F2D2DFCC1979C8F300FBC930 /* AFURLConnectionOperation.h */,
				F2D2DFCD1979C8F300FBC930 /* AFURLConnectionOperation.m */,
				F2D2DFCE1979C8F300FBC930 /* AFURLRequestSerialization.h */,
				F2D2DFCF1979C8F300FBC930 /* AFURLRequestSerialization.m */,
				F2D2DFD01979C8F300FBC930 /* AFURLResponseSerialization.h */,
				F2D2DFD11979C8F300FBC930 /* AFURLResponseSerialization.m */,
				F2D2DFD21979C8F300FBC930 /* AFURLSessionManager.h */,
				F2D2DFD31979C8F300FBC930 /* AFURLSessionManager.m */,
			);
			path = AFNetworking;
			sourceTree = "<group>";
		};
		F2D2DFD41979C8F300FBC930 /* UIKit+AFNetworking */ = {
			isa = PBXGroup;
			children = (
				F2D2DFD51979C8F300FBC930 /* AFNetworkActivityIndicatorManager.h */,
				F2D2DFD61979C8F300FBC930 /* AFNetworkActivityIndicatorManager.m */,
				F2D2DFD71979C8F300FBC930 /* UIActivityIndicatorView+AFNetworking.h */,
				F2D2DFD81979C8F300FBC930 /* UIActivityIndicatorView+AFNetworking.m */,
				F2D2DFD91979C8F300FBC930 /* UIAlertView+AFNetworking.h */,
				F2D2DFDA1979C8F300FBC930 /* UIAlertView+AFNetworking.m */,
				F2D2DFDB1979C8F300FBC930 /* UIButton+AFNetworking.h */,
				F2D2DFDC1979C8F300FBC930 /* UIButton+AFNetworking.m */,
				F2D2DFDD1979C8F300FBC930 /* UIImageView+AFNetworking.h */,
				F2D2DFDE1979C8F300FBC930 /* UIImageView+AFNetworking.m */,
				F2D2DFDF1979C8F300FBC930 /* UIKit+AFNetworking.h */,
				F2D2DFE01979C8F300FBC930 /* UIProgressView+AFNetworking.h */,
				F2D2DFE11979C8F300FBC930 /* UIProgressView+AFNetworking.m */,
				F2D2DFE21979C8F300FBC930 /* UIRefreshControl+AFNetworking.h */,
				F2D2DFE31979C8F300FBC930 /* UIRefreshControl+AFNetworking.m */,
				F2D2DFE41979C8F300FBC930 /* UIWebView+AFNetworking.h */,
				F2D2DFE51979C8F300FBC930 /* UIWebView+AFNetworking.m */,
			);
			path = "UIKit+AFNetworking";
			sourceTree = "<group>";
		};
/* End PBXGroup section */

/* Begin PBXNativeTarget section */
		F2C7C5091971E4FC00FB8790 /* JDFTwitterSample */ = {
			isa = PBXNativeTarget;
			buildConfigurationList = F2C7C5261971E4FC00FB8790 /* Build configuration list for PBXNativeTarget "JDFTwitterSample" */;
			buildPhases = (
				F2C7C5061971E4FC00FB8790 /* Sources */,
				F2C7C5071971E4FC00FB8790 /* Frameworks */,
				F2C7C5081971E4FC00FB8790 /* Resources */,
			);
			buildRules = (
			);
			dependencies = (
			);
			name = JDFTwitterSample;
			productName = JDFTwitterSample;
			productReference = F2C7C50A1971E4FC00FB8790 /* JDFTwitterSample.app */;
			productType = "com.apple.product-type.application";
		};
		F2C7C51B1971E4FC00FB8790 /* JDFTwitterSampleTests */ = {
			isa = PBXNativeTarget;
			buildConfigurationList = F2C7C5291971E4FC00FB8790 /* Build configuration list for PBXNativeTarget "JDFTwitterSampleTests" */;
			buildPhases = (
				F2C7C5181971E4FC00FB8790 /* Sources */,
				F2C7C5191971E4FC00FB8790 /* Frameworks */,
				F2C7C51A1971E4FC00FB8790 /* Resources */,
			);
			buildRules = (
			);
			dependencies = (
				F2C7C51E1971E4FC00FB8790 /* PBXTargetDependency */,
			);
			name = JDFTwitterSampleTests;
			productName = JDFTwitterSampleTests;
			productReference = F2C7C51C1971E4FC00FB8790 /* JDFTwitterSampleTests.xctest */;
			productType = "com.apple.product-type.bundle.unit-test";
		};
/* End PBXNativeTarget section */

/* Begin PBXProject section */
		F2C7C5021971E4FC00FB8790 /* Project object */ = {
			isa = PBXProject;
			attributes = {
				LastUpgradeCheck = 0600;
				ORGANIZATIONNAME = "Joe Fryer";
				TargetAttributes = {
					F2C7C5091971E4FC00FB8790 = {
						CreatedOnToolsVersion = 6.0;
					};
					F2C7C51B1971E4FC00FB8790 = {
						CreatedOnToolsVersion = 6.0;
						TestTargetID = F2C7C5091971E4FC00FB8790;
					};
				};
			};
			buildConfigurationList = F2C7C5051971E4FC00FB8790 /* Build configuration list for PBXProject "JDFTwitterSample" */;
			compatibilityVersion = "Xcode 3.2";
			developmentRegion = English;
			hasScannedForEncodings = 0;
			knownRegions = (
				en,
				Base,
			);
			mainGroup = F2C7C5011971E4FC00FB8790;
			productRefGroup = F2C7C50B1971E4FC00FB8790 /* Products */;
			projectDirPath = "";
			projectRoot = "";
			targets = (
				F2C7C5091971E4FC00FB8790 /* JDFTwitterSample */,
				F2C7C51B1971E4FC00FB8790 /* JDFTwitterSampleTests */,
			);
		};
/* End PBXProject section */

/* Begin PBXResourcesBuildPhase section */
		F2C7C5081971E4FC00FB8790 /* Resources */ = {
			isa = PBXResourcesBuildPhase;
			buildActionMask = 2147483647;
			files = (
				F20AB2A81979D43200796FA6 /* TwitterAvatarPlaceholder.png in Resources */,
				F2C7C5151971E4FC00FB8790 /* Main.storyboard in Resources */,
				F2488A4F1973257700FD172A /* TweetCell.xib in Resources */,
				F2C7C5171971E4FC00FB8790 /* Images.xcassets in Resources */,
				F255B609197B288C00AD0A85 /* Jakaro.otf in Resources */,
				F2098BEE1971E67E0073B016 /* Info.plist in Resources */,
				F2098C1C1971F22F0073B016 /* TwitterButton.png in Resources */,
			);
			runOnlyForDeploymentPostprocessing = 0;
		};
		F2C7C51A1971E4FC00FB8790 /* Resources */ = {
			isa = PBXResourcesBuildPhase;
			buildActionMask = 2147483647;
			files = (
			);
			runOnlyForDeploymentPostprocessing = 0;
		};
/* End PBXResourcesBuildPhase section */

/* Begin PBXSourcesBuildPhase section */
		F2C7C5061971E4FC00FB8790 /* Sources */ = {
			isa = PBXSourcesBuildPhase;
			buildActionMask = 2147483647;
			files = (
				F2098BFC1971E67E0073B016 /* SwifterLists.swift in Sources */,
				F2D2DFF51979C8F300FBC930 /* UIRefreshControl+AFNetworking.m in Sources */,
				F2098BFE1971E67E0073B016 /* SwifterOAuthClient.swift in Sources */,
				F2098BFB1971E67E0073B016 /* SwifterHTTPRequest.swift in Sources */,
				F2D2DFEE1979C8F300FBC930 /* AFURLSessionManager.m in Sources */,
				F2D2DFE81979C8F300FBC930 /* AFHTTPSessionManager.m in Sources */,
				F2098C021971E67E0073B016 /* SwifterSpam.swift in Sources */,
				F2098BF01971E67E0073B016 /* NSURL+Swifter.swift in Sources */,
				F2098BF81971E67E0073B016 /* SwifterFavorites.swift in Sources */,
				F2D2DFF31979C8F300FBC930 /* UIImageView+AFNetworking.m in Sources */,
				F2D2DFEC1979C8F300FBC930 /* AFURLRequestSerialization.m in Sources */,
				F2098C081971E67E0073B016 /* SwifterUsers.swift in Sources */,
				F2D2DFEA1979C8F300FBC930 /* AFSecurityPolicy.m in Sources */,
				F2098BF71971E67E0073B016 /* SwifterCredential.swift in Sources */,
				F2D2DFEF1979C8F300FBC930 /* AFNetworkActivityIndicatorManager.m in Sources */,
				F2098C031971E67E0073B016 /* SwifterStreaming.swift in Sources */,
				F2D2DFF01979C8F300FBC930 /* UIActivityIndicatorView+AFNetworking.m in Sources */,
				F2D2DFF41979C8F300FBC930 /* UIProgressView+AFNetworking.m in Sources */,
				F2098C011971E67E0073B016 /* SwifterSearch.swift in Sources */,
				F2098BF31971E67E0073B016 /* SwifterAccountsClient.swift in Sources */,
				F2D2DFEB1979C8F300FBC930 /* AFURLConnectionOperation.m in Sources */,
				F2098BF51971E67E0073B016 /* SwifterAuth.swift in Sources */,
				F2D2DFF61979C8F300FBC930 /* UIWebView+AFNetworking.m in Sources */,
				F2C7C5121971E4FC00FB8790 /* ViewController.swift in Sources */,
				F2B1C2141972036100522653 /* TimelineViewController.swift in Sources */,
				F2098C181971F1F60073B016 /* JDFTwitterSampleConstants.swift in Sources */,
				F2488A4D1973250F00FD172A /* TweetCell.swift in Sources */,
				F2C7C5101971E4FC00FB8790 /* AppDelegate.swift in Sources */,
				F2098BF11971E67E0073B016 /* String+Swifter.swift in Sources */,
				F2098BF41971E67E0073B016 /* SwifterAppOnlyClient.swift in Sources */,
				F2098BED1971E67E0073B016 /* Dictionary+Swifter.swift in Sources */,
				F2098BF21971E67E0073B016 /* Swifter.swift in Sources */,
				F2098C151971EAD60073B016 /* LoginViewController.swift in Sources */,
				F2098BFF1971E67E0073B016 /* SwifterPlaces.swift in Sources */,
				F2D2DFF21979C8F300FBC930 /* UIButton+AFNetworking.m in Sources */,
				F2098C001971E67E0073B016 /* SwifterSavedSearches.swift in Sources */,
				F2098C061971E67E0073B016 /* SwifterTrends.swift in Sources */,
				F2098BEF1971E67E0073B016 /* JSON.swift in Sources */,
				F2098BF91971E67E0073B016 /* SwifterFollowers.swift in Sources */,
				F2098C051971E67E0073B016 /* SwifterTimelines.swift in Sources */,
				F2098BF61971E67E0073B016 /* SwifterClientProtocol.swift in Sources */,
				F2098C041971E67E0073B016 /* SwifterSuggested.swift in Sources */,
				F2098BFD1971E67E0073B016 /* SwifterMessages.swift in Sources */,
				F2D2DFE91979C8F300FBC930 /* AFNetworkReachabilityManager.m in Sources */,
				F2D2DFF11979C8F300FBC930 /* UIAlertView+AFNetworking.m in Sources */,
				F2098C071971E67E0073B016 /* SwifterTweets.swift in Sources */,
				F2D2DFE71979C8F300FBC930 /* AFHTTPRequestOperationManager.m in Sources */,
				F2D2DFED1979C8F300FBC930 /* AFURLResponseSerialization.m in Sources */,
				F2D2DFE61979C8F300FBC930 /* AFHTTPRequestOperation.m in Sources */,
				F2098BFA1971E67E0073B016 /* SwifterHelp.swift in Sources */,
			);
			runOnlyForDeploymentPostprocessing = 0;
		};
		F2C7C5181971E4FC00FB8790 /* Sources */ = {
			isa = PBXSourcesBuildPhase;
			buildActionMask = 2147483647;
			files = (
				F2C7C5231971E4FC00FB8790 /* JDFTwitterSampleTests.swift in Sources */,
			);
			runOnlyForDeploymentPostprocessing = 0;
		};
/* End PBXSourcesBuildPhase section */

/* Begin PBXTargetDependency section */
		F2C7C51E1971E4FC00FB8790 /* PBXTargetDependency */ = {
			isa = PBXTargetDependency;
			target = F2C7C5091971E4FC00FB8790 /* JDFTwitterSample */;
			targetProxy = F2C7C51D1971E4FC00FB8790 /* PBXContainerItemProxy */;
		};
/* End PBXTargetDependency section */

/* Begin PBXVariantGroup section */
		F2C7C5131971E4FC00FB8790 /* Main.storyboard */ = {
			isa = PBXVariantGroup;
			children = (
				F2C7C5141971E4FC00FB8790 /* Base */,
			);
			name = Main.storyboard;
			sourceTree = "<group>";
		};
/* End PBXVariantGroup section */

/* Begin XCBuildConfiguration section */
		F2C7C5241971E4FC00FB8790 /* Debug */ = {
			isa = XCBuildConfiguration;
			buildSettings = {
				ALWAYS_SEARCH_USER_PATHS = NO;
				CLANG_CXX_LANGUAGE_STANDARD = "gnu++0x";
				CLANG_CXX_LIBRARY = "libc++";
				CLANG_ENABLE_MODULES = YES;
				CLANG_ENABLE_OBJC_ARC = YES;
				CLANG_WARN_BOOL_CONVERSION = YES;
				CLANG_WARN_CONSTANT_CONVERSION = YES;
				CLANG_WARN_DIRECT_OBJC_ISA_USAGE = YES_ERROR;
				CLANG_WARN_EMPTY_BODY = YES;
				CLANG_WARN_ENUM_CONVERSION = YES;
				CLANG_WARN_INT_CONVERSION = YES;
				CLANG_WARN_OBJC_ROOT_CLASS = YES_ERROR;
				CLANG_WARN_UNREACHABLE_CODE = YES;
				CLANG_WARN__DUPLICATE_METHOD_MATCH = YES;
				"CODE_SIGN_IDENTITY[sdk=iphoneos*]" = "iPhone Developer";
				COPY_PHASE_STRIP = NO;
				ENABLE_STRICT_OBJC_MSGSEND = YES;
				GCC_C_LANGUAGE_STANDARD = gnu99;
				GCC_DYNAMIC_NO_PIC = NO;
				GCC_OPTIMIZATION_LEVEL = 0;
				GCC_PREPROCESSOR_DEFINITIONS = (
					"DEBUG=1",
					"$(inherited)",
				);
				GCC_SYMBOLS_PRIVATE_EXTERN = NO;
				GCC_WARN_64_TO_32_BIT_CONVERSION = YES;
				GCC_WARN_ABOUT_RETURN_TYPE = YES_ERROR;
				GCC_WARN_UNDECLARED_SELECTOR = YES;
				GCC_WARN_UNINITIALIZED_AUTOS = YES_AGGRESSIVE;
				GCC_WARN_UNUSED_FUNCTION = YES;
				GCC_WARN_UNUSED_VARIABLE = YES;
				IPHONEOS_DEPLOYMENT_TARGET = 8.0;
				MTL_ENABLE_DEBUG_INFO = YES;
				ONLY_ACTIVE_ARCH = YES;
				SDKROOT = iphoneos;
				SWIFT_OPTIMIZATION_LEVEL = "-Onone";
			};
			name = Debug;
		};
		F2C7C5251971E4FC00FB8790 /* Release */ = {
			isa = XCBuildConfiguration;
			buildSettings = {
				ALWAYS_SEARCH_USER_PATHS = NO;
				CLANG_CXX_LANGUAGE_STANDARD = "gnu++0x";
				CLANG_CXX_LIBRARY = "libc++";
				CLANG_ENABLE_MODULES = YES;
				CLANG_ENABLE_OBJC_ARC = YES;
				CLANG_WARN_BOOL_CONVERSION = YES;
				CLANG_WARN_CONSTANT_CONVERSION = YES;
				CLANG_WARN_DIRECT_OBJC_ISA_USAGE = YES_ERROR;
				CLANG_WARN_EMPTY_BODY = YES;
				CLANG_WARN_ENUM_CONVERSION = YES;
				CLANG_WARN_INT_CONVERSION = YES;
				CLANG_WARN_OBJC_ROOT_CLASS = YES_ERROR;
				CLANG_WARN_UNREACHABLE_CODE = YES;
				CLANG_WARN__DUPLICATE_METHOD_MATCH = YES;
				"CODE_SIGN_IDENTITY[sdk=iphoneos*]" = "iPhone Developer";
				COPY_PHASE_STRIP = YES;
				ENABLE_NS_ASSERTIONS = NO;
				ENABLE_STRICT_OBJC_MSGSEND = YES;
				GCC_C_LANGUAGE_STANDARD = gnu99;
				GCC_WARN_64_TO_32_BIT_CONVERSION = YES;
				GCC_WARN_ABOUT_RETURN_TYPE = YES_ERROR;
				GCC_WARN_UNDECLARED_SELECTOR = YES;
				GCC_WARN_UNINITIALIZED_AUTOS = YES_AGGRESSIVE;
				GCC_WARN_UNUSED_FUNCTION = YES;
				GCC_WARN_UNUSED_VARIABLE = YES;
				IPHONEOS_DEPLOYMENT_TARGET = 8.0;
				MTL_ENABLE_DEBUG_INFO = NO;
				SDKROOT = iphoneos;
				VALIDATE_PRODUCT = YES;
			};
			name = Release;
		};
		F2C7C5271971E4FC00FB8790 /* Debug */ = {
			isa = XCBuildConfiguration;
			buildSettings = {
				ASSETCATALOG_COMPILER_APPICON_NAME = AppIcon;
				ASSETCATALOG_COMPILER_LAUNCHIMAGE_NAME = LaunchImage;
				CLANG_ENABLE_MODULES = YES;
				INFOPLIST_FILE = JDFTwitterSample/Info.plist;
				LD_RUNPATH_SEARCH_PATHS = "$(inherited) @executable_path/Frameworks";
				ONLY_ACTIVE_ARCH = NO;
				PRODUCT_NAME = "$(TARGET_NAME)";
				SWIFT_OBJC_BRIDGING_HEADER = "JDFTwitterSample-Bridging-Header.h";
				SWIFT_OPTIMIZATION_LEVEL = "-Onone";
			};
			name = Debug;
		};
		F2C7C5281971E4FC00FB8790 /* Release */ = {
			isa = XCBuildConfiguration;
			buildSettings = {
				ASSETCATALOG_COMPILER_APPICON_NAME = AppIcon;
				ASSETCATALOG_COMPILER_LAUNCHIMAGE_NAME = LaunchImage;
				CLANG_ENABLE_MODULES = YES;
				INFOPLIST_FILE = JDFTwitterSample/Info.plist;
				LD_RUNPATH_SEARCH_PATHS = "$(inherited) @executable_path/Frameworks";
				PRODUCT_NAME = "$(TARGET_NAME)";
				SWIFT_OBJC_BRIDGING_HEADER = "JDFTwitterSample-Bridging-Header.h";
			};
			name = Release;
		};
		F2C7C52A1971E4FC00FB8790 /* Debug */ = {
			isa = XCBuildConfiguration;
			buildSettings = {
				BUNDLE_LOADER = "$(BUILT_PRODUCTS_DIR)/JDFTwitterSample.app/JDFTwitterSample";
				FRAMEWORK_SEARCH_PATHS = (
					"$(SDKROOT)/Developer/Library/Frameworks",
					"$(inherited)",
				);
				GCC_PREPROCESSOR_DEFINITIONS = (
					"DEBUG=1",
					"$(inherited)",
				);
				INFOPLIST_FILE = JDFTwitterSampleTests/Info.plist;
				LD_RUNPATH_SEARCH_PATHS = "$(inherited) @executable_path/Frameworks @loader_path/Frameworks";
				PRODUCT_NAME = "$(TARGET_NAME)";
				TEST_HOST = "$(BUNDLE_LOADER)";
			};
			name = Debug;
		};
		F2C7C52B1971E4FC00FB8790 /* Release */ = {
			isa = XCBuildConfiguration;
			buildSettings = {
				BUNDLE_LOADER = "$(BUILT_PRODUCTS_DIR)/JDFTwitterSample.app/JDFTwitterSample";
				FRAMEWORK_SEARCH_PATHS = (
					"$(SDKROOT)/Developer/Library/Frameworks",
					"$(inherited)",
				);
				INFOPLIST_FILE = JDFTwitterSampleTests/Info.plist;
				LD_RUNPATH_SEARCH_PATHS = "$(inherited) @executable_path/Frameworks @loader_path/Frameworks";
				PRODUCT_NAME = "$(TARGET_NAME)";
				TEST_HOST = "$(BUNDLE_LOADER)";
			};
			name = Release;
		};
/* End XCBuildConfiguration section */

/* Begin XCConfigurationList section */
		F2C7C5051971E4FC00FB8790 /* Build configuration list for PBXProject "JDFTwitterSample" */ = {
			isa = XCConfigurationList;
			buildConfigurations = (
				F2C7C5241971E4FC00FB8790 /* Debug */,
				F2C7C5251971E4FC00FB8790 /* Release */,
			);
			defaultConfigurationIsVisible = 0;
			defaultConfigurationName = Release;
		};
		F2C7C5261971E4FC00FB8790 /* Build configuration list for PBXNativeTarget "JDFTwitterSample" */ = {
			isa = XCConfigurationList;
			buildConfigurations = (
				F2C7C5271971E4FC00FB8790 /* Debug */,
				F2C7C5281971E4FC00FB8790 /* Release */,
			);
			defaultConfigurationIsVisible = 0;
			defaultConfigurationName = Release;
		};
		F2C7C5291971E4FC00FB8790 /* Build configuration list for PBXNativeTarget "JDFTwitterSampleTests" */ = {
			isa = XCConfigurationList;
			buildConfigurations = (
				F2C7C52A1971E4FC00FB8790 /* Debug */,
				F2C7C52B1971E4FC00FB8790 /* Release */,
			);
			defaultConfigurationIsVisible = 0;
			defaultConfigurationName = Release;
		};
/* End XCConfigurationList section */
	};
	rootObject = F2C7C5021971E4FC00FB8790 /* Project object */;
}
